
Microsoft Visual Studio Solution File, Format Version 12.00
# Visual Studio Version 17
VisualStudioVersion = 17.8.34316.72
MinimumVisualStudioVersion = 10.0.40219.1
Project("{FAE04EC0-301F-11D3-BF4B-00C04F79EFBC}") = "1 lab", "1 lab.csproj", "{7C078F0D-B33B-454F-A3BF-6406CFDD20FC}"
EndProject
Global
	GlobalSection(SolutionConfigurationPlatforms) = preSolution
		Debug|Any CPU = Debug|Any CPU
		Release|Any CPU = Release|Any CPU
	EndGlobalSection
	GlobalSection(ProjectConfigurationPlatforms) = postSolution
		{7C078F0D-B33B-454F-A3BF-6406CFDD20FC}.Debug|Any CPU.ActiveCfg = Debug|Any CPU
		{7C078F0D-B33B-454F-A3BF-6406CFDD20FC}.Debug|Any CPU.Build.0 = Debug|Any CPU
		{7C078F0D-B33B-454F-A3BF-6406CFDD20FC}.Release|Any CPU.ActiveCfg = Release|Any CPU
		{7C078F0D-B33B-454F-A3BF-6406CFDD20FC}.Release|Any CPU.Build.0 = Release|Any CPU
	EndGlobalSection
	GlobalSection(SolutionProperties) = preSolution
		HideSolutionNode = FALSE
	EndGlobalSection
	GlobalSection(ExtensibilityGlobals) = postSolution
		SolutionGuid = {17C6A02E-DB63-4335-B14E-ECB8379425E8}
	EndGlobalSection
EndGlobal
